# This file is autogenerated, do not edit; changes may be undone by the next 'dep ensure'.


[[projects]]
  branch = "master"
  name = "github.com/jehiah/go-strftime"
  packages = ["."]
  revision = "1d33003b386959af197ba96475f198c114627b5e"

[solve-meta]
  analyzer-name = "dep"
  analyzer-version = 1
  inputs-digest = "2015901c5ea9220719fe0c3d0e039a7af37864e615ab1d069c9ff1cd0663e652"
  solver-name = "gps-cdcl"
  solver-version = 1
